// !$*UTF8*$!
{
	archiveVersion = 1;
	classes = {
	};
	objectVersion = 48;
	objects = {

/* Begin PBXBuildFile section */
		830F6ADE2010525500F69013 /* AppDelegate.m in Sources */ = {isa = PBXBuildFile; fileRef = 830F6ADD2010525500F69013 /* AppDelegate.m */; };
		830F6AE12010525500F69013 /* ViewController.m in Sources */ = {isa = PBXBuildFile; fileRef = 830F6AE02010525500F69013 /* ViewController.m */; };
		830F6AE42010525500F69013 /* Main.storyboard in Resources */ = {isa = PBXBuildFile; fileRef = 830F6AE22010525500F69013 /* Main.storyboard */; };
		830F6AE62010525500F69013 /* Assets.xcassets in Resources */ = {isa = PBXBuildFile; fileRef = 830F6AE52010525500F69013 /* Assets.xcassets */; };
		830F6AE92010525500F69013 /* LaunchScreen.storyboard in Resources */ = {isa = PBXBuildFile; fileRef = 830F6AE72010525500F69013 /* LaunchScreen.storyboard */; };
		830F6AEC2010525500F69013 /* main.m in Sources */ = {isa = PBXBuildFile; fileRef = 830F6AEB2010525500F69013 /* main.m */; };
/* End PBXBuildFile section */

/* Begin PBXFileReference section */
		830F6AD92010525500F69013 /* TrialGoogleCloudSpeech.app */ = {isa = PBXFileReference; explicitFileType = wrapper.application; includeInIndex = 0; path = TrialGoogleCloudSpeech.app; sourceTree = BUILT_PRODUCTS_DIR; };
		830F6ADC2010525500F69013 /* AppDelegate.h */ = {isa = PBXFileReference; lastKnownFileType = sourcecode.c.h; path = AppDelegate.h; sourceTree = "<group>"; };
		830F6ADD2010525500F69013 /* AppDelegate.m */ = {isa = PBXFileReference; lastKnownFileType = sourcecode.c.objc; path = AppDelegate.m; sourceTree = "<group>"; };
		830F6ADF2010525500F69013 /* ViewController.h */ = {isa = PBXFileReference; lastKnownFileType = sourcecode.c.h; path = ViewController.h; sourceTree = "<group>"; };
		830F6AE02010525500F69013 /* ViewController.m */ = {isa = PBXFileReference; lastKnownFileType = sourcecode.c.objc; path = ViewController.m; sourceTree = "<group>"; };
		830F6AE32010525500F69013 /* Base */ = {isa = PBXFileReference; lastKnownFileType = file.storyboard; name = Base; path = Base.lproj/Main.storyboard; sourceTree = "<group>"; };
		830F6AE52010525500F69013 /* Assets.xcassets */ = {isa = PBXFileReference; lastKnownFileType = folder.assetcatalog; path = Assets.xcassets; sourceTree = "<group>"; };
		830F6AE82010525500F69013 /* Base */ = {isa = PBXFileReference; lastKnownFileType = file.storyboard; name = Base; path = Base.lproj/LaunchScreen.storyboard; sourceTree = "<group>"; };
		830F6AEA2010525500F69013 /* Info.plist */ = {isa = PBXFileReference; lastKnownFileType = text.plist.xml; path = Info.plist; sourceTree = "<group>"; };
		830F6AEB2010525500F69013 /* main.m */ = {isa = PBXFileReference; lastKnownFileType = sourcecode.c.objc; path = main.m; sourceTree = "<group>"; };
/* End PBXFileReference section */

/* Begin PBXFrameworksBuildPhase section */
		830F6AD62010525500F69013 /* Frameworks */ = {
			isa = PBXFrameworksBuildPhase;
			buildActionMask = 2147483647;
			files = (
			);
			runOnlyForDeploymentPostprocessing = 0;
		};
/* End PBXFrameworksBuildPhase section */

/* Begin PBXGroup section */
		830F6AD02010525500F69013 = {
			isa = PBXGroup;
			children = (
				830F6ADB2010525500F69013 /* TrialGoogleCloudSpeech */,
				830F6ADA2010525500F69013 /* Products */,
			);
			sourceTree = "<group>";
		};
		830F6ADA2010525500F69013 /* Products */ = {
			isa = PBXGroup;
			children = (
				830F6AD92010525500F69013 /* TrialGoogleCloudSpeech.app */,
			);
			name = Products;
			sourceTree = "<group>";
		};
		830F6ADB2010525500F69013 /* TrialGoogleCloudSpeech */ = {
			isa = PBXGroup;
			children = (
				830F6ADC2010525500F69013 /* AppDelegate.h */,
				830F6ADD2010525500F69013 /* AppDelegate.m */,
				830F6ADF2010525500F69013 /* ViewController.h */,
				830F6AE02010525500F69013 /* ViewController.m */,
				830F6AE22010525500F69013 /* Main.storyboard */,
				830F6AE52010525500F69013 /* Assets.xcassets */,
				830F6AE72010525500F69013 /* LaunchScreen.storyboard */,
				830F6AEA2010525500F69013 /* Info.plist */,
				830F6AEB2010525500F69013 /* main.m */,
			);
			path = TrialGoogleCloudSpeech;
			sourceTree = "<group>";
		};
/* End PBXGroup section */

/* Begin PBXNativeTarget section */
		830F6AD82010525500F69013 /* TrialGoogleCloudSpeech */ = {
			isa = PBXNativeTarget;
			buildConfigurationList = 830F6AEF2010525500F69013 /* Build configuration list for PBXNativeTarget "TrialGoogleCloudSpeech" */;
			buildPhases = (
				830F6AD52010525500F69013 /* Sources */,
				830F6AD62010525500F69013 /* Frameworks */,
				830F6AD72010525500F69013 /* Resources */,
			);
			buildRules = (
			);
			dependencies = (
			);
			name = TrialGoogleCloudSpeech;
			productName = TrialGoogleCloudSpeech;
			productReference = 830F6AD92010525500F69013 /* TrialGoogleCloudSpeech.app */;
			productType = "com.apple.product-type.application";
		};
/* End PBXNativeTarget section */

/* Begin PBXProject section */
		830F6AD12010525500F69013 /* Project object */ = {
			isa = PBXProject;
			attributes = {
				LastUpgradeCheck = 0920;
				ORGANIZATIONNAME = jacky;
				TargetAttributes = {
					830F6AD82010525500F69013 = {
						CreatedOnToolsVersion = 9.2;
						ProvisioningStyle = Automatic;
					};
				};
			};
			buildConfigurationList = 830F6AD42010525500F69013 /* Build configuration list for PBXProject "TrialGoogleCloudSpeech" */;
			compatibilityVersion = "Xcode 8.0";
			developmentRegion = en;
			hasScannedForEncodings = 0;
			knownRegions = (
				en,
				Base,
			);
			mainGroup = 830F6AD02010525500F69013;
			productRefGroup = 830F6ADA2010525500F69013 /* Products */;
			projectDirPath = "";
			projectRoot = "";
			targets = (
				830F6AD82010525500F69013 /* TrialGoogleCloudSpeech */,
			);
		};
/* End PBXProject section */

/* Begin PBXResourcesBuildPhase section */
		830F6AD72010525500F69013 /* Resources */ = {
			isa = PBXResourcesBuildPhase;
			buildActionMask = 2147483647;
			files = (
				830F6AE92010525500F69013 /* LaunchScreen.storyboard in Resources */,
				830F6AE62010525500F69013 /* Assets.xcassets in Resources */,
				830F6AE42010525500F69013 /* Main.storyboard in Resources */,
			);
			runOnlyForDeploymentPostprocessing = 0;
		};
/* End PBXResourcesBuildPhase section */

/* Begin PBXSourcesBuildPhase section */
		830F6AD52010525500F69013 /* Sources */ = {
			isa = PBXSourcesBuildPhase;
			buildActionMask = 2147483647;
			files = (
				830F6AE12010525500F69013 /* ViewController.m in Sources */,
				830F6AEC2010525500F69013 /* main.m in Sources */,
				830F6ADE2010525500F69013 /* AppDelegate.m in Sources */,
			);
			runOnlyForDeploymentPostprocessing = 0;
		};
/* End PBXSourcesBuildPhase section */

/* Begin PBXVariantGroup section */
		830F6AE22010525500F69013 /* Main.storyboard */ = {
			isa = PBXVariantGroup;
			children = (
				830F6AE32010525500F69013 /* Base */,
			);
			name = Main.storyboard;
			sourceTree = "<group>";
		};
		830F6AE72010525500F69013 /* LaunchScreen.storyboard */ = {
			isa = PBXVariantGroup;
			children = (
				830F6AE82010525500F69013 /* Base */,
			);
			name = LaunchScreen.storyboard;
			sourceTree = "<group>";
		};
/* End PBXVariantGroup section */

/* Begin XCBuildConfiguration section */
		830F6AED2010525500F69013 /* Debug */ = {
			isa = XCBuildConfiguration;
			buildSettings = {
				ALWAYS_SEARCH_USER_PATHS = NO;
				CLANG_ANALYZER_NONNULL = YES;
				CLANG_ANALYZER_NUMBER_OBJECT_CONVERSION = YES_AGGRESSIVE;
				CLANG_CXX_LANGUAGE_STANDARD = "gnu++14";
				CLANG_CXX_LIBRARY = "libc++";
				CLANG_ENABLE_MODULES = YES;
				CLANG_ENABLE_OBJC_ARC = YES;
				CLANG_WARN_BLOCK_CAPTURE_AUTORELEASING = YES;
				CLANG_WARN_BOOL_CONVERSION = YES;
				CLANG_WARN_COMMA = YES;
				CLANG_WARN_CONSTANT_CONVERSION = YES;
				CLANG_WARN_DIRECT_OBJC_ISA_USAGE = YES_ERROR;
				CLANG_WARN_DOCUMENTATION_COMMENTS = YES;
				CLANG_WARN_EMPTY_BODY = YES;
				CLANG_WARN_ENUM_CONVERSION = YES;
				CLANG_WARN_INFINITE_RECURSION = YES;
				CLANG_WARN_INT_CONVERSION = YES;
				CLANG_WARN_NON_LITERAL_NULL_CONVERSION = YES;
				CLANG_WARN_OBJC_LITERAL_CONVERSION = YES;
				CLANG_WARN_OBJC_ROOT_CLASS = YES_ERROR;
				CLANG_WARN_RANGE_LOOP_ANALYSIS = YES;
				CLANG_WARN_STRICT_PROTOTYPES = YES;
				CLANG_WARN_SUSPICIOUS_MOVE = YES;
				CLANG_WARN_UNGUARDED_AVAILABILITY = YES_AGGRESSIVE;
				CLANG_WARN_UNREACHABLE_CODE = YES;
				CLANG_WARN__DUPLICATE_METHOD_MATCH = YES;
				CODE_SIGN_IDENTITY = "iPhone Developer";
				COPY_PHASE_STRIP = NO;
				DEBUG_INFORMATION_FORMAT = dwarf;
				ENABLE_STRICT_OBJC_MSGSEND = YES;
				ENABLE_TESTABILITY = YES;
				GCC_C_LANGUAGE_STANDARD = gnu11;
				GCC_DYNAMIC_NO_PIC = NO;
				GCC_NO_COMMON_BLOCKS = YES;
				GCC_OPTIMIZATION_LEVEL = 0;
				GCC_PREPROCESSOR_DEFINITIONS = (
					"DEBUG=1",
					"$(inherited)",
				);
				GCC_WARN_64_TO_32_BIT_CONVERSION = YES;
				GCC_WARN_ABOUT_RETURN_TYPE = YES_ERROR;
				GCC_WARN_UNDECLARED_SELECTOR = YES;
				GCC_WARN_UNINITIALIZED_AUTOS = YES_AGGRESSIVE;
				GCC_WARN_UNUSED_FUNCTION = YES;
				GCC_WARN_UNUSED_VARIABLE = YES;
				IPHONEOS_DEPLOYMENT_TARGET = 11.2;
				MTL_ENABLE_DEBUG_INFO = YES;
				ONLY_ACTIVE_ARCH = YES;
				SDKROOT = iphoneos;
			};
			name = Debug;
		};
		830F6AEE2010525500F69013 /* Release */ = {
			isa = XCBuildConfiguration;
			buildSettings = {
				ALWAYS_SEARCH_USER_PATHS = NO;
				CLANG_ANALYZER_NONNULL = YES;
				CLANG_ANALYZER_NUMBER_OBJECT_CONVERSION = YES_AGGRESSIVE;
				CLANG_CXX_LANGUAGE_STANDARD = "gnu++14";
				CLANG_CXX_LIBRARY = "libc++";
				CLANG_ENABLE_MODULES = YES;
				CLANG_ENABLE_OBJC_ARC = YES;
				CLANG_WARN_BLOCK_CAPTURE_AUTORELEASING = YES;
				CLANG_WARN_BOOL_CONVERSION = YES;
				CLANG_WARN_COMMA = YES;
				CLANG_WARN_CONSTANT_CONVERSION = YES;
				CLANG_WARN_DIRECT_OBJC_ISA_USAGE = YES_ERROR;
				CLANG_WARN_DOCUMENTATION_COMMENTS = YES;
				CLANG_WARN_EMPTY_BODY = YES;
				CLANG_WARN_ENUM_CONVERSION = YES;
				CLANG_WARN_INFINITE_RECURSION = YES;
				CLANG_WARN_INT_CONVERSION = YES;
				CLANG_WARN_NON_LITERAL_NULL_CONVERSION = YES;
				CLANG_WARN_OBJC_LITERAL_CONVERSION = YES;
				CLANG_WARN_OBJC_ROOT_CLASS = YES_ERROR;
				CLANG_WARN_RANGE_LOOP_ANALYSIS = YES;
				CLANG_WARN_STRICT_PROTOTYPES = YES;
				CLANG_WARN_SUSPICIOUS_MOVE = YES;
				CLANG_WARN_UNGUARDED_AVAILABILITY = YES_AGGRESSIVE;
				CLANG_WARN_UNREACHABLE_CODE = YES;
				CLANG_WARN__DUPLICATE_METHOD_MATCH = YES;
				CODE_SIGN_IDENTITY = "iPhone Developer";
				COPY_PHASE_STRIP = NO;
				DEBUG_INFORMATION_FORMAT = "dwarf-with-dsym";
				ENABLE_NS_ASSERTIONS = NO;
				ENABLE_STRICT_OBJC_MSGSEND = YES;
				GCC_C_LANGUAGE_STANDARD = gnu11;
				GCC_NO_COMMON_BLOCKS = YES;
				GCC_WARN_64_TO_32_BIT_CONVERSION = YES;
				GCC_WARN_ABOUT_RETURN_TYPE = YES_ERROR;
				GCC_WARN_UNDECLARED_SELECTOR = YES;
				GCC_WARN_UNINITIALIZED_AUTOS = YES_AGGRESSIVE;
				GCC_WARN_UNUSED_FUNCTION = YES;
				GCC_WARN_UNUSED_VARIABLE = YES;
				IPHONEOS_DEPLOYMENT_TARGET = 11.2;
				MTL_ENABLE_DEBUG_INFO = NO;
				SDKROOT = iphoneos;
				VALIDATE_PRODUCT = YES;
			};
			name = Release;
		};
		830F6AF02010525500F69013 /* Debug */ = {
			isa = XCBuildConfiguration;
			buildSettings = {
				ASSETCATALOG_COMPILER_APPICON_NAME = AppIcon;
				CODE_SIGN_STYLE = Automatic;
				DEVELOPMENT_TEAM = 55Y345G9F4;
				INFOPLIST_FILE = TrialGoogleCloudSpeech/Info.plist;
				LD_RUNPATH_SEARCH_PATHS = "$(inherited) @executable_path/Frameworks";
				PRODUCT_BUNDLE_IDENTIFIER = com.jacky.TrialGoogleCloudSpeech;
				PRODUCT_NAME = "$(TARGET_NAME)";
				TARGETED_DEVICE_FAMILY = "1,2";
			};
			name = Debug;
		};
		830F6AF12010525500F69013 /* Release */ = {
			isa = XCBuildConfiguration;
			buildSettings = {
				ASSETCATALOG_COMPILER_APPICON_NAME = AppIcon;
				CODE_SIGN_STYLE = Automatic;
				DEVELOPMENT_TEAM = 55Y345G9F4;
				INFOPLIST_FILE = TrialGoogleCloudSpeech/Info.plist;
				LD_RUNPATH_SEARCH_PATHS = "$(inherited) @executable_path/Frameworks";
				PRODUCT_BUNDLE_IDENTIFIER = com.jacky.TrialGoogleCloudSpeech;
				PRODUCT_NAME = "$(TARGET_NAME)";
				TARGETED_DEVICE_FAMILY = "1,2";
			};
			name = Release;
		};
/* End XCBuildConfiguration section */

/* Begin XCConfigurationList section */
		830F6AD42010525500F69013 /* Build configuration list for PBXProject "TrialGoogleCloudSpeech" */ = {
			isa = XCConfigurationList;
			buildConfigurations = (
				830F6AED2010525500F69013 /* Debug */,
				830F6AEE2010525500F69013 /* Release */,
			);
			defaultConfigurationIsVisible = 0;
			defaultConfigurationName = Release;
		};
		830F6AEF2010525500F69013 /* Build configuration list for PBXNativeTarget "TrialGoogleCloudSpeech" */ = {
			isa = XCConfigurationList;
			buildConfigurations = (
				830F6AF02010525500F69013 /* Debug */,
				830F6AF12010525500F69013 /* Release */,
			);
			defaultConfigurationIsVisible = 0;
			defaultConfigurationName = Release;
		};
/* End XCConfigurationList section */
	};
	rootObject = 830F6AD12010525500F69013 /* Project object */;
}
